
Microsoft Visual Studio Solution File, Format Version 12.00
# Visual Studio Version 16
VisualStudioVersion = 16.0.28729.10
MinimumVisualStudioVersion = 10.0.40219.1
Project("{9A19103F-16F7-4668-BE54-9A1E7A4F7556}") = "SenderClient", "Sender\SenderClient.csproj", "{00643A8D-89F5-474B-B3BC-9A869CC012C1}"
EndProject
Project("{9A19103F-16F7-4668-BE54-9A1E7A4F7556}") = "Common", "Common\Common.csproj", "{133466E1-8BBB-40E5-8435-CE170FF9B6A7}"
EndProject
Project("{9A19103F-16F7-4668-BE54-9A1E7A4F7556}") = "SenderBackend", "SenderBackend\SenderBackend.csproj", "{0D759A19-6686-448F-A292-B0BC16F01EC6}"
EndProject
Project("{9A19103F-16F7-4668-BE54-9A1E7A4F7556}") = "ReceiverClient", "ReceiverClient\ReceiverClient.csproj", "{7D404B8A-C905-40AE-9B3E-353A6417D70E}"
EndProject
Project("{9A19103F-16F7-4668-BE54-9A1E7A4F7556}") = "ReceiverBackend", "ReceiverBackend\ReceiverBackend.csproj", "{25F49C12-CB3C-42E5-BBDF-71E4AA3E5E37}"
EndProject
Project("{9A19103F-16F7-4668-BE54-9A1E7A4F7556}") = "Common.Storage", "Common.Storage\Common.Storage.csproj", "{4B5B8E39-7635-4271-9BC0-CEB65F4B5B49}"
EndProject
Project("{9A19103F-16F7-4668-BE54-9A1E7A4F7556}") = "QueryServiceWeb", "QueryService\QueryServiceWeb.csproj", "{403041AE-3394-4A7D-A0D3-36A13955B9E4}"
EndProject
Project("{2150E333-8FDC-42A3-9474-1A3956D46DE8}") = "Tests", "Tests", "{3ADC8810-DBD8-42C5-BDC3-2EDDA41219B8}"
EndProject
Project("{2150E333-8FDC-42A3-9474-1A3956D46DE8}") = "Receiver", "Receiver", "{FD2EBF68-A54B-4379-B614-C6AABF258E5C}"
EndProject
Project("{2150E333-8FDC-42A3-9474-1A3956D46DE8}") = "Sender", "Sender", "{DA1EA548-AA9C-4583-A004-952F95C23B1E}"
EndProject
Project("{2150E333-8FDC-42A3-9474-1A3956D46DE8}") = "Applications", "Applications", "{369C9ED7-0C49-4635-9FDA-0012DE5CC5BB}"
EndProject
Project("{9A19103F-16F7-4668-BE54-9A1E7A4F7556}") = "Common.UnitTests", "Common.UnitTests\Common.UnitTests.csproj", "{F761373D-A248-4C35-9E32-AB63E283E99F}"
EndProject
Project("{9A19103F-16F7-4668-BE54-9A1E7A4F7556}") = "Common.Storage.UnitTests", "Common.Storage.UnitTests\Common.Storage.UnitTests.csproj", "{33EFF5DA-86E5-4596-BD0B-8A2A5B57C393}"
EndProject
Project("{9A19103F-16F7-4668-BE54-9A1E7A4F7556}") = "ReceiverBackEnd.UnitTests", "ReceiverBackEnd.UnitTests\ReceiverBackEnd.UnitTests.csproj", "{59418DE8-09E9-4A93-8067-3FE2F026B50C}"
EndProject
Project("{9A19103F-16F7-4668-BE54-9A1E7A4F7556}") = "SenderBackEnd.UnitTests", "SenderBackEnd.UnitTests\SenderBackEnd.UnitTests.csproj", "{F70B1A10-5E3A-4456-9927-55E9FADFF292}"
EndProject
Project("{2150E333-8FDC-42A3-9474-1A3956D46DE8}") = "QueryService", "QueryService", "{8EB0257D-349F-43B5-89F3-B08D24E294A8}"
EndProject
Project("{9A19103F-16F7-4668-BE54-9A1E7A4F7556}") = "QueryServiceBackEnd", "QueryServiceBackEnd\QueryServiceBackEnd.csproj", "{A62DCFA3-B2CE-4072-91E7-6F3DC39BA3AD}"
EndProject
Project("{9A19103F-16F7-4668-BE54-9A1E7A4F7556}") = "QueryServiceBackEnd.UnitTests", "QueryServiceBackEnd.UnitTests\QueryServiceBackEnd.UnitTests.csproj", "{80558AFF-1E04-400F-86E0-3C15590C653C}"
EndProject
Project("{FAE04EC0-301F-11D3-BF4B-00C04F79EFBC}") = "QueryService.LoadTests", "QueryService.LoadTests\QueryService.LoadTests.csproj", "{F84E6F2D-DC01-401C-84D9-557A59A3A356}"
EndProject
Global
	GlobalSection(SolutionConfigurationPlatforms) = preSolution
		Debug|Any CPU = Debug|Any CPU
		Release|Any CPU = Release|Any CPU
	EndGlobalSection
	GlobalSection(ProjectConfigurationPlatforms) = postSolution
		{00643A8D-89F5-474B-B3BC-9A869CC012C1}.Debug|Any CPU.ActiveCfg = Debug|Any CPU
		{00643A8D-89F5-474B-B3BC-9A869CC012C1}.Debug|Any CPU.Build.0 = Debug|Any CPU
		{00643A8D-89F5-474B-B3BC-9A869CC012C1}.Release|Any CPU.ActiveCfg = Release|Any CPU
		{00643A8D-89F5-474B-B3BC-9A869CC012C1}.Release|Any CPU.Build.0 = Release|Any CPU
		{133466E1-8BBB-40E5-8435-CE170FF9B6A7}.Debug|Any CPU.ActiveCfg = Debug|Any CPU
		{133466E1-8BBB-40E5-8435-CE170FF9B6A7}.Debug|Any CPU.Build.0 = Debug|Any CPU
		{133466E1-8BBB-40E5-8435-CE170FF9B6A7}.Release|Any CPU.ActiveCfg = Release|Any CPU
		{133466E1-8BBB-40E5-8435-CE170FF9B6A7}.Release|Any CPU.Build.0 = Release|Any CPU
		{0D759A19-6686-448F-A292-B0BC16F01EC6}.Debug|Any CPU.ActiveCfg = Debug|Any CPU
		{0D759A19-6686-448F-A292-B0BC16F01EC6}.Debug|Any CPU.Build.0 = Debug|Any CPU
		{0D759A19-6686-448F-A292-B0BC16F01EC6}.Release|Any CPU.ActiveCfg = Release|Any CPU
		{0D759A19-6686-448F-A292-B0BC16F01EC6}.Release|Any CPU.Build.0 = Release|Any CPU
		{7D404B8A-C905-40AE-9B3E-353A6417D70E}.Debug|Any CPU.ActiveCfg = Debug|Any CPU
		{7D404B8A-C905-40AE-9B3E-353A6417D70E}.Debug|Any CPU.Build.0 = Debug|Any CPU
		{7D404B8A-C905-40AE-9B3E-353A6417D70E}.Release|Any CPU.ActiveCfg = Release|Any CPU
		{7D404B8A-C905-40AE-9B3E-353A6417D70E}.Release|Any CPU.Build.0 = Release|Any CPU
		{25F49C12-CB3C-42E5-BBDF-71E4AA3E5E37}.Debug|Any CPU.ActiveCfg = Debug|Any CPU
		{25F49C12-CB3C-42E5-BBDF-71E4AA3E5E37}.Debug|Any CPU.Build.0 = Debug|Any CPU
		{25F49C12-CB3C-42E5-BBDF-71E4AA3E5E37}.Release|Any CPU.ActiveCfg = Release|Any CPU
		{25F49C12-CB3C-42E5-BBDF-71E4AA3E5E37}.Release|Any CPU.Build.0 = Release|Any CPU
		{4B5B8E39-7635-4271-9BC0-CEB65F4B5B49}.Debug|Any CPU.ActiveCfg = Debug|Any CPU
		{4B5B8E39-7635-4271-9BC0-CEB65F4B5B49}.Debug|Any CPU.Build.0 = Debug|Any CPU
		{4B5B8E39-7635-4271-9BC0-CEB65F4B5B49}.Release|Any CPU.ActiveCfg = Release|Any CPU
		{4B5B8E39-7635-4271-9BC0-CEB65F4B5B49}.Release|Any CPU.Build.0 = Release|Any CPU
		{403041AE-3394-4A7D-A0D3-36A13955B9E4}.Debug|Any CPU.ActiveCfg = Debug|Any CPU
		{403041AE-3394-4A7D-A0D3-36A13955B9E4}.Debug|Any CPU.Build.0 = Debug|Any CPU
		{403041AE-3394-4A7D-A0D3-36A13955B9E4}.Release|Any CPU.ActiveCfg = Release|Any CPU
		{403041AE-3394-4A7D-A0D3-36A13955B9E4}.Release|Any CPU.Build.0 = Release|Any CPU
		{F761373D-A248-4C35-9E32-AB63E283E99F}.Debug|Any CPU.ActiveCfg = Debug|Any CPU
		{F761373D-A248-4C35-9E32-AB63E283E99F}.Debug|Any CPU.Build.0 = Debug|Any CPU
		{F761373D-A248-4C35-9E32-AB63E283E99F}.Release|Any CPU.ActiveCfg = Release|Any CPU
		{F761373D-A248-4C35-9E32-AB63E283E99F}.Release|Any CPU.Build.0 = Release|Any CPU
		{33EFF5DA-86E5-4596-BD0B-8A2A5B57C393}.Debug|Any CPU.ActiveCfg = Debug|Any CPU
		{33EFF5DA-86E5-4596-BD0B-8A2A5B57C393}.Debug|Any CPU.Build.0 = Debug|Any CPU
		{33EFF5DA-86E5-4596-BD0B-8A2A5B57C393}.Release|Any CPU.ActiveCfg = Release|Any CPU
		{33EFF5DA-86E5-4596-BD0B-8A2A5B57C393}.Release|Any CPU.Build.0 = Release|Any CPU
		{59418DE8-09E9-4A93-8067-3FE2F026B50C}.Debug|Any CPU.ActiveCfg = Debug|Any CPU
		{59418DE8-09E9-4A93-8067-3FE2F026B50C}.Debug|Any CPU.Build.0 = Debug|Any CPU
		{59418DE8-09E9-4A93-8067-3FE2F026B50C}.Release|Any CPU.ActiveCfg = Release|Any CPU
		{59418DE8-09E9-4A93-8067-3FE2F026B50C}.Release|Any CPU.Build.0 = Release|Any CPU
		{F70B1A10-5E3A-4456-9927-55E9FADFF292}.Debug|Any CPU.ActiveCfg = Debug|Any CPU
		{F70B1A10-5E3A-4456-9927-55E9FADFF292}.Debug|Any CPU.Build.0 = Debug|Any CPU
		{F70B1A10-5E3A-4456-9927-55E9FADFF292}.Release|Any CPU.ActiveCfg = Release|Any CPU
		{F70B1A10-5E3A-4456-9927-55E9FADFF292}.Release|Any CPU.Build.0 = Release|Any CPU
		{A62DCFA3-B2CE-4072-91E7-6F3DC39BA3AD}.Debug|Any CPU.ActiveCfg = Debug|Any CPU
		{A62DCFA3-B2CE-4072-91E7-6F3DC39BA3AD}.Debug|Any CPU.Build.0 = Debug|Any CPU
		{A62DCFA3-B2CE-4072-91E7-6F3DC39BA3AD}.Release|Any CPU.ActiveCfg = Release|Any CPU
		{A62DCFA3-B2CE-4072-91E7-6F3DC39BA3AD}.Release|Any CPU.Build.0 = Release|Any CPU
		{80558AFF-1E04-400F-86E0-3C15590C653C}.Debug|Any CPU.ActiveCfg = Debug|Any CPU
		{80558AFF-1E04-400F-86E0-3C15590C653C}.Debug|Any CPU.Build.0 = Debug|Any CPU
		{80558AFF-1E04-400F-86E0-3C15590C653C}.Release|Any CPU.ActiveCfg = Release|Any CPU
		{80558AFF-1E04-400F-86E0-3C15590C653C}.Release|Any CPU.Build.0 = Release|Any CPU
		{F84E6F2D-DC01-401C-84D9-557A59A3A356}.Debug|Any CPU.ActiveCfg = Debug|Any CPU
		{F84E6F2D-DC01-401C-84D9-557A59A3A356}.Debug|Any CPU.Build.0 = Debug|Any CPU
		{F84E6F2D-DC01-401C-84D9-557A59A3A356}.Release|Any CPU.ActiveCfg = Release|Any CPU
		{F84E6F2D-DC01-401C-84D9-557A59A3A356}.Release|Any CPU.Build.0 = Release|Any CPU
	EndGlobalSection
	GlobalSection(SolutionProperties) = preSolution
		HideSolutionNode = FALSE
	EndGlobalSection
	GlobalSection(NestedProjects) = preSolution
		{00643A8D-89F5-474B-B3BC-9A869CC012C1} = {DA1EA548-AA9C-4583-A004-952F95C23B1E}
		{0D759A19-6686-448F-A292-B0BC16F01EC6} = {DA1EA548-AA9C-4583-A004-952F95C23B1E}
		{7D404B8A-C905-40AE-9B3E-353A6417D70E} = {FD2EBF68-A54B-4379-B614-C6AABF258E5C}
		{25F49C12-CB3C-42E5-BBDF-71E4AA3E5E37} = {FD2EBF68-A54B-4379-B614-C6AABF258E5C}
		{403041AE-3394-4A7D-A0D3-36A13955B9E4} = {8EB0257D-349F-43B5-89F3-B08D24E294A8}
		{FD2EBF68-A54B-4379-B614-C6AABF258E5C} = {369C9ED7-0C49-4635-9FDA-0012DE5CC5BB}
		{DA1EA548-AA9C-4583-A004-952F95C23B1E} = {369C9ED7-0C49-4635-9FDA-0012DE5CC5BB}
		{F761373D-A248-4C35-9E32-AB63E283E99F} = {3ADC8810-DBD8-42C5-BDC3-2EDDA41219B8}
		{33EFF5DA-86E5-4596-BD0B-8A2A5B57C393} = {3ADC8810-DBD8-42C5-BDC3-2EDDA41219B8}
		{59418DE8-09E9-4A93-8067-3FE2F026B50C} = {3ADC8810-DBD8-42C5-BDC3-2EDDA41219B8}
		{F70B1A10-5E3A-4456-9927-55E9FADFF292} = {3ADC8810-DBD8-42C5-BDC3-2EDDA41219B8}
		{8EB0257D-349F-43B5-89F3-B08D24E294A8} = {369C9ED7-0C49-4635-9FDA-0012DE5CC5BB}
		{A62DCFA3-B2CE-4072-91E7-6F3DC39BA3AD} = {8EB0257D-349F-43B5-89F3-B08D24E294A8}
		{80558AFF-1E04-400F-86E0-3C15590C653C} = {3ADC8810-DBD8-42C5-BDC3-2EDDA41219B8}
		{F84E6F2D-DC01-401C-84D9-557A59A3A356} = {3ADC8810-DBD8-42C5-BDC3-2EDDA41219B8}
	EndGlobalSection
	GlobalSection(ExtensibilityGlobals) = postSolution
		SolutionGuid = {F32E0665-C54C-4AD9-8B8F-91C75A5BEE54}
	EndGlobalSection
EndGlobal
